{"format_version":"0.1","terraform_version":"0.12.20","variables":{"environment":{"value":"dev"}},"planned_values":{"root_module":{"resources":[{"address":"azurerm_resource_group.this","mode":"managed","type":"azurerm_resource_group","name":"this","provider_name":"azurerm","schema_version":0,"values":{"location":"westeurope","name":"dev-myrg","tags":null,"timeouts":null}},{"address":"azurerm_storage_account.this","mode":"managed","type":"azurerm_storage_account","name":"this","provider_name":"azurerm","schema_version":2,"values":{"account_kind":"StorageV2","account_replication_type":"LRS","account_tier":"Premium","allow_blob_public_access":false,"custom_domain":[],"enable_https_traffic_only":true,"is_hns_enabled":false,"location":"westeurope","min_tls_version":"TLS1_2","name":"mystorageaccount","network_rules":[{"default_action":"Deny","ip_rules":["80.0.2.0"]}],"resource_group_name":"dev-myrg","static_website":[],"tags":null,"timeouts":null}}]}},"resource_changes":[{"address":"azurerm_resource_group.this","mode":"managed","type":"azurerm_resource_group","name":"this","provider_name":"azurerm","change":{"actions":["create"],"before":null,"after":{"location":"westeurope","name":"dev-myrg","tags":null,"timeouts":null},"after_unknown":{"id":true}}},{"address":"azurerm_storage_account.this","mode":"managed","type":"azurerm_storage_account","name":"this","provider_name":"azurerm","change":{"actions":["create"],"before":null,"after":{"account_kind":"StorageV2","account_replication_type":"LRS","account_tier":"Premium","allow_blob_public_access":false,"custom_domain":[],"enable_https_traffic_only":true,"is_hns_enabled":false,"location":"westeurope","min_tls_version":"TLS1_2","name":"mystorageaccount","network_rules":[{"default_action":"Deny","ip_rules":["80.0.2.0"]}],"resource_group_name":"dev-myrg","static_website":[],"tags":null,"timeouts":null},"after_unknown":{"access_tier":true,"blob_properties":true,"custom_domain":[],"id":true,"identity":true,"large_file_share_enabled":true,"network_rules":[{"bypass":true,"ip_rules":[false],"virtual_network_subnet_ids":true}],"primary_access_key":true,"primary_blob_connection_string":true,"primary_blob_endpoint":true,"primary_blob_host":true,"primary_connection_string":true,"primary_dfs_endpoint":true,"primary_dfs_host":true,"primary_file_endpoint":true,"primary_file_host":true,"primary_location":true,"primary_queue_endpoint":true,"primary_queue_host":true,"primary_table_endpoint":true,"primary_table_host":true,"primary_web_endpoint":true,"primary_web_host":true,"queue_properties":true,"secondary_access_key":true,"secondary_blob_connection_string":true,"secondary_blob_endpoint":true,"secondary_blob_host":true,"secondary_connection_string":true,"secondary_dfs_endpoint":true,"secondary_dfs_host":true,"secondary_file_endpoint":true,"secondary_file_host":true,"secondary_location":true,"secondary_queue_endpoint":true,"secondary_queue_host":true,"secondary_table_endpoint":true,"secondary_table_host":true,"secondary_web_endpoint":true,"secondary_web_host":true,"static_website":[]}}}],"configuration":{"provider_config":{"azurerm":{"name":"azurerm","version_constraint":"=2.43.0","expressions":{"features":[{}]}}},"root_module":{"resources":[{"address":"azurerm_resource_group.this","mode":"managed","type":"azurerm_resource_group","name":"this","provider_config_key":"azurerm","expressions":{"location":{"constant_value":"West Europe"},"name":{"references":["var.environment"]}},"schema_version":0},{"address":"azurerm_storage_account.this","mode":"managed","type":"azurerm_storage_account","name":"this","provider_config_key":"azurerm","expressions":{"account_replication_type":{"constant_value":"LRS"},"account_tier":{"constant_value":"Premium"},"enable_https_traffic_only":{"constant_value":true},"location":{"references":["azurerm_resource_group.this"]},"min_tls_version":{"constant_value":"TLS1_2"},"name":{"constant_value":"mystorageaccount"},"network_rules":[{"default_action":{"constant_value":"Deny"},"ip_rules":{"constant_value":["80.0.2.0"]}}],"resource_group_name":{"references":["azurerm_resource_group.this"]}},"schema_version":2}],"variables":{"environment":{}}}}}
